
Microsoft Visual Studio Solution File, Format Version 12.00
# Visual Studio Express 2013 for Windows Desktop
VisualStudioVersion = 12.0.30501.0
MinimumVisualStudioVersion = 10.0.40219.1
Project("{8BC9CEB8-8B4A-11D0-8D11-00A0C91BC942}") = "別踩白块双人版", "別踩白块双人版\別踩白块双人版.vcxproj", "{0EFE1385-F55B-4049-964B-F36D4E3A4FF0}"
EndProject
Global
	GlobalSection(SolutionConfigurationPlatforms) = preSolution
		Debug|Win32 = Debug|Win32
		Release|Win32 = Release|Win32
	EndGlobalSection
	GlobalSection(ProjectConfigurationPlatforms) = postSolution
		{0EFE1385-F55B-4049-964B-F36D4E3A4FF0}.Debug|Win32.ActiveCfg = Debug|Win32
		{0EFE1385-F55B-4049-964B-F36D4E3A4FF0}.Debug|Win32.Build.0 = Debug|Win32
		{0EFE1385-F55B-4049-964B-F36D4E3A4FF0}.Release|Win32.ActiveCfg = Release|Win32
		{0EFE1385-F55B-4049-964B-F36D4E3A4FF0}.Release|Win32.Build.0 = Release|Win32
	EndGlobalSection
	GlobalSection(SolutionProperties) = preSolution
		HideSolutionNode = FALSE
	EndGlobalSection
EndGlobal
