
Microsoft Visual Studio Solution File, Format Version 11.00
# Visual Studio 2010
Project("{FAE04EC0-301F-11D3-BF4B-00C04F79EFBC}") = "ExifRename", "ExifRename\ExifRename.csproj", "{38F6DEDD-C102-4AFF-8564-6DBDD9F62293}"
EndProject
Global
	GlobalSection(SolutionConfigurationPlatforms) = preSolution
		Debug|x86 = Debug|x86
		Release|x86 = Release|x86
	EndGlobalSection
	GlobalSection(ProjectConfigurationPlatforms) = postSolution
		{38F6DEDD-C102-4AFF-8564-6DBDD9F62293}.Debug|x86.ActiveCfg = Debug|x86
		{38F6DEDD-C102-4AFF-8564-6DBDD9F62293}.Debug|x86.Build.0 = Debug|x86
		{38F6DEDD-C102-4AFF-8564-6DBDD9F62293}.Release|x86.ActiveCfg = Release|x86
		{38F6DEDD-C102-4AFF-8564-6DBDD9F62293}.Release|x86.Build.0 = Release|x86
	EndGlobalSection
	GlobalSection(SolutionProperties) = preSolution
		HideSolutionNode = FALSE
	EndGlobalSection
EndGlobal
